// !$*UTF8*$!
{
	archiveVersion = 1;
	classes = {
	};
	objectVersion = 46;
	objects = {

/* Begin PBXBuildFile section */
		183B64431CD9F39500469389 /* ZDLNewViewControllew.m in Sources */ = {isa = PBXBuildFile; fileRef = 183B64421CD9F39500469389 /* ZDLNewViewControllew.m */; };
		183B64461CD9F3C400469389 /* ZDLMeViewController.m in Sources */ = {isa = PBXBuildFile; fileRef = 183B64451CD9F3C400469389 /* ZDLMeViewController.m */; };
		183B64491CD9F45A00469389 /* ZDLFriendTrendsViewController.m in Sources */ = {isa = PBXBuildFile; fileRef = 183B64481CD9F45A00469389 /* ZDLFriendTrendsViewController.m */; };
		183B644B1CD9F46D00469389 /* ZDLFriendTrendsViewController.xib in Resources */ = {isa = PBXBuildFile; fileRef = 183B644A1CD9F46D00469389 /* ZDLFriendTrendsViewController.xib */; };
		184BE0F41CF335510095E3F4 /* ZDLTopicViewController.m in Sources */ = {isa = PBXBuildFile; fileRef = 184BE0F31CF335510095E3F4 /* ZDLTopicViewController.m */; };
		184BE0F81CF335B50095E3F4 /* ZDLAllViewController.m in Sources */ = {isa = PBXBuildFile; fileRef = 184BE0F71CF335B50095E3F4 /* ZDLAllViewController.m */; };
		184BE0FB1CF335D20095E3F4 /* ZDLPictureViewController.m in Sources */ = {isa = PBXBuildFile; fileRef = 184BE0FA1CF335D20095E3F4 /* ZDLPictureViewController.m */; };
		184BE0FE1CF335F30095E3F4 /* ZDLVideoViewController.m in Sources */ = {isa = PBXBuildFile; fileRef = 184BE0FD1CF335F30095E3F4 /* ZDLVideoViewController.m */; };
		184BE1011CF336170095E3F4 /* ZDLVoiceViewController.m in Sources */ = {isa = PBXBuildFile; fileRef = 184BE1001CF336170095E3F4 /* ZDLVoiceViewController.m */; };
		184BE1041CF33ECC0095E3F4 /* ZDLWordViewController.m in Sources */ = {isa = PBXBuildFile; fileRef = 184BE1031CF33ECC0095E3F4 /* ZDLWordViewController.m */; };
		186FC5F21CF49CB20021143F /* ZDLTopic.m in Sources */ = {isa = PBXBuildFile; fileRef = 186FC5F11CF49CB20021143F /* ZDLTopic.m */; };
		186FC5F51CF4A9620021143F /* ZDLTitleButton.m in Sources */ = {isa = PBXBuildFile; fileRef = 186FC5F41CF4A9620021143F /* ZDLTitleButton.m */; };
		18746B891CDC461A00D67FA7 /* ZDLRecommendViewController.m in Sources */ = {isa = PBXBuildFile; fileRef = 18746B871CDC461A00D67FA7 /* ZDLRecommendViewController.m */; };
		18746B8A1CDC461A00D67FA7 /* ZDLRecommendViewController.xib in Resources */ = {isa = PBXBuildFile; fileRef = 18746B881CDC461A00D67FA7 /* ZDLRecommendViewController.xib */; };
		189808731CD98387003B2BB8 /* main.m in Sources */ = {isa = PBXBuildFile; fileRef = 189808721CD98387003B2BB8 /* main.m */; };
		189808761CD98387003B2BB8 /* AppDelegate.m in Sources */ = {isa = PBXBuildFile; fileRef = 189808751CD98387003B2BB8 /* AppDelegate.m */; };
		1898088C1CD98387003B2BB8 /* ____Tests.m in Sources */ = {isa = PBXBuildFile; fileRef = 1898088B1CD98387003B2BB8 /* ____Tests.m */; };
		189808971CD98387003B2BB8 /* ____UITests.m in Sources */ = {isa = PBXBuildFile; fileRef = 189808961CD98387003B2BB8 /* ____UITests.m */; };
		189808CB1CD98C83003B2BB8 /* ZDLTabBarController.m in Sources */ = {isa = PBXBuildFile; fileRef = 189808CA1CD98C83003B2BB8 /* ZDLTabBarController.m */; };
		189808CE1CD99127003B2BB8 /* ZDLNavigationController.m in Sources */ = {isa = PBXBuildFile; fileRef = 189808CD1CD99127003B2BB8 /* ZDLNavigationController.m */; };
		189808D11CD99B92003B2BB8 /* ZDLEssenceViewController.m in Sources */ = {isa = PBXBuildFile; fileRef = 189808D01CD99B92003B2BB8 /* ZDLEssenceViewController.m */; };
		189808D91CD9A2CC003B2BB8 /* Assets.xcassets in Resources */ = {isa = PBXBuildFile; fileRef = 189808D81CD9A2CC003B2BB8 /* Assets.xcassets */; };
		189808DC1CD9B469003B2BB8 /* ZDLTabBar.m in Sources */ = {isa = PBXBuildFile; fileRef = 189808DB1CD9B469003B2BB8 /* ZDLTabBar.m */; };
		189808E11CD9CCC5003B2BB8 /* UIView+ZDLExtension.m in Sources */ = {isa = PBXBuildFile; fileRef = 189808E01CD9CCC5003B2BB8 /* UIView+ZDLExtension.m */; };
		189808E41CD9CD33003B2BB8 /* UIBarButtonItem+ZDLExtension.m in Sources */ = {isa = PBXBuildFile; fileRef = 189808E31CD9CD33003B2BB8 /* UIBarButtonItem+ZDLExtension.m */; };
		189860471CF83F1D0007ABD9 /* ZDLTopicCell.m in Sources */ = {isa = PBXBuildFile; fileRef = 189860451CF83F1D0007ABD9 /* ZDLTopicCell.m */; };
		189860481CF83F1D0007ABD9 /* ZDLTopicCell.xib in Resources */ = {isa = PBXBuildFile; fileRef = 189860461CF83F1D0007ABD9 /* ZDLTopicCell.xib */; };
		18AFE8701CF1A553003D358F /* ZDLTagViewController.m in Sources */ = {isa = PBXBuildFile; fileRef = 18AFE86F1CF1A553003D358F /* ZDLTagViewController.m */; };
		18AFE8741CF1A985003D358F /* ZDLTagCellTableViewCell.m in Sources */ = {isa = PBXBuildFile; fileRef = 18AFE8721CF1A985003D358F /* ZDLTagCellTableViewCell.m */; };
		18AFE8751CF1A985003D358F /* ZDLTagCellTableViewCell.xib in Resources */ = {isa = PBXBuildFile; fileRef = 18AFE8731CF1A985003D358F /* ZDLTagCellTableViewCell.xib */; };
		18AFE87B1CF1C9D6003D358F /* ZDLTag.m in Sources */ = {isa = PBXBuildFile; fileRef = 18AFE87A1CF1C9D6003D358F /* ZDLTag.m */; };
		18AFE8811CF1D60A003D358F /* ZDLConst.m in Sources */ = {isa = PBXBuildFile; fileRef = 18AFE8801CF1D60A003D358F /* ZDLConst.m */; };
		18AFE8841CF1ECD3003D358F /* UIImageView+ZDLExtension.m in Sources */ = {isa = PBXBuildFile; fileRef = 18AFE8831CF1ECD3003D358F /* UIImageView+ZDLExtension.m */; };
		18AFE8871CF1F755003D358F /* UIImage+ZDLExtension.m in Sources */ = {isa = PBXBuildFile; fileRef = 18AFE8861CF1F755003D358F /* UIImage+ZDLExtension.m */; };
		18E2ED041CDD9BB500AE097D /* ZDLRecommendCategoryCell.m in Sources */ = {isa = PBXBuildFile; fileRef = 18E2ED021CDD9BB500AE097D /* ZDLRecommendCategoryCell.m */; };
		18E2ED051CDD9BB500AE097D /* ZDLRecommendCategoryCell.xib in Resources */ = {isa = PBXBuildFile; fileRef = 18E2ED031CDD9BB500AE097D /* ZDLRecommendCategoryCell.xib */; };
		18E2ED091CDD9BE400AE097D /* ZDLRecommendUserCell.m in Sources */ = {isa = PBXBuildFile; fileRef = 18E2ED071CDD9BE400AE097D /* ZDLRecommendUserCell.m */; };
		18E2ED0A1CDD9BE400AE097D /* ZDLRecommendUserCell.xib in Resources */ = {isa = PBXBuildFile; fileRef = 18E2ED081CDD9BE400AE097D /* ZDLRecommendUserCell.xib */; };
		18E2ED0D1CDD9C6E00AE097D /* ZDLRecommendCategory.m in Sources */ = {isa = PBXBuildFile; fileRef = 18E2ED0C1CDD9C6E00AE097D /* ZDLRecommendCategory.m */; };
		18E2ED101CDD9C9100AE097D /* ZDLRecommendUser.m in Sources */ = {isa = PBXBuildFile; fileRef = 18E2ED0F1CDD9C9100AE097D /* ZDLRecommendUser.m */; };
		9F923984838B7083686BB58C /* Pods_____.framework in Frameworks */ = {isa = PBXBuildFile; fileRef = 1F13079F8DAEDDFC79CAE87F /* Pods_____.framework */; };
/* End PBXBuildFile section */

/* Begin PBXContainerItemProxy section */
		189808881CD98387003B2BB8 /* PBXContainerItemProxy */ = {
			isa = PBXContainerItemProxy;
			containerPortal = 189808661CD98387003B2BB8 /* Project object */;
			proxyType = 1;
			remoteGlobalIDString = 1898086D1CD98387003B2BB8;
			remoteInfo = "百思程序";
		};
		189808931CD98387003B2BB8 /* PBXContainerItemProxy */ = {
			isa = PBXContainerItemProxy;
			containerPortal = 189808661CD98387003B2BB8 /* Project object */;
			proxyType = 1;
			remoteGlobalIDString = 1898086D1CD98387003B2BB8;
			remoteInfo = "百思程序";
		};
/* End PBXContainerItemProxy section */

/* Begin PBXFileReference section */
		183B64411CD9F39500469389 /* ZDLNewViewControllew.h */ = {isa = PBXFileReference; fileEncoding = 4; lastKnownFileType = sourcecode.c.h; path = ZDLNewViewControllew.h; sourceTree = "<group>"; };
		183B64421CD9F39500469389 /* ZDLNewViewControllew.m */ = {isa = PBXFileReference; fileEncoding = 4; lastKnownFileType = sourcecode.c.objc; path = ZDLNewViewControllew.m; sourceTree = "<group>"; };
		183B64441CD9F3C400469389 /* ZDLMeViewController.h */ = {isa = PBXFileReference; fileEncoding = 4; lastKnownFileType = sourcecode.c.h; path = ZDLMeViewController.h; sourceTree = "<group>"; };
		183B64451CD9F3C400469389 /* ZDLMeViewController.m */ = {isa = PBXFileReference; fileEncoding = 4; lastKnownFileType = sourcecode.c.objc; path = ZDLMeViewController.m; sourceTree = "<group>"; };
		183B64471CD9F45A00469389 /* ZDLFriendTrendsViewController.h */ = {isa = PBXFileReference; fileEncoding = 4; lastKnownFileType = sourcecode.c.h; path = ZDLFriendTrendsViewController.h; sourceTree = "<group>"; };
		183B64481CD9F45A00469389 /* ZDLFriendTrendsViewController.m */ = {isa = PBXFileReference; fileEncoding = 4; lastKnownFileType = sourcecode.c.objc; path = ZDLFriendTrendsViewController.m; sourceTree = "<group>"; };
		183B644A1CD9F46D00469389 /* ZDLFriendTrendsViewController.xib */ = {isa = PBXFileReference; fileEncoding = 4; lastKnownFileType = file.xib; path = ZDLFriendTrendsViewController.xib; sourceTree = "<group>"; };
		184BE0F21CF335510095E3F4 /* ZDLTopicViewController.h */ = {isa = PBXFileReference; fileEncoding = 4; lastKnownFileType = sourcecode.c.h; path = ZDLTopicViewController.h; sourceTree = "<group>"; };
		184BE0F31CF335510095E3F4 /* ZDLTopicViewController.m */ = {isa = PBXFileReference; fileEncoding = 4; lastKnownFileType = sourcecode.c.objc; path = ZDLTopicViewController.m; sourceTree = "<group>"; };
		184BE0F61CF335B50095E3F4 /* ZDLAllViewController.h */ = {isa = PBXFileReference; fileEncoding = 4; lastKnownFileType = sourcecode.c.h; path = ZDLAllViewController.h; sourceTree = "<group>"; };
		184BE0F71CF335B50095E3F4 /* ZDLAllViewController.m */ = {isa = PBXFileReference; fileEncoding = 4; lastKnownFileType = sourcecode.c.objc; path = ZDLAllViewController.m; sourceTree = "<group>"; };
		184BE0F91CF335D20095E3F4 /* ZDLPictureViewController.h */ = {isa = PBXFileReference; fileEncoding = 4; lastKnownFileType = sourcecode.c.h; path = ZDLPictureViewController.h; sourceTree = "<group>"; };
		184BE0FA1CF335D20095E3F4 /* ZDLPictureViewController.m */ = {isa = PBXFileReference; fileEncoding = 4; lastKnownFileType = sourcecode.c.objc; path = ZDLPictureViewController.m; sourceTree = "<group>"; };
		184BE0FC1CF335F30095E3F4 /* ZDLVideoViewController.h */ = {isa = PBXFileReference; fileEncoding = 4; lastKnownFileType = sourcecode.c.h; path = ZDLVideoViewController.h; sourceTree = "<group>"; };
		184BE0FD1CF335F30095E3F4 /* ZDLVideoViewController.m */ = {isa = PBXFileReference; fileEncoding = 4; lastKnownFileType = sourcecode.c.objc; path = ZDLVideoViewController.m; sourceTree = "<group>"; };
		184BE0FF1CF336170095E3F4 /* ZDLVoiceViewController.h */ = {isa = PBXFileReference; fileEncoding = 4; lastKnownFileType = sourcecode.c.h; path = ZDLVoiceViewController.h; sourceTree = "<group>"; };
		184BE1001CF336170095E3F4 /* ZDLVoiceViewController.m */ = {isa = PBXFileReference; fileEncoding = 4; lastKnownFileType = sourcecode.c.objc; path = ZDLVoiceViewController.m; sourceTree = "<group>"; };
		184BE1021CF33ECC0095E3F4 /* ZDLWordViewController.h */ = {isa = PBXFileReference; fileEncoding = 4; lastKnownFileType = sourcecode.c.h; path = ZDLWordViewController.h; sourceTree = "<group>"; };
		184BE1031CF33ECC0095E3F4 /* ZDLWordViewController.m */ = {isa = PBXFileReference; fileEncoding = 4; lastKnownFileType = sourcecode.c.objc; path = ZDLWordViewController.m; sourceTree = "<group>"; };
		186FC5F01CF49CB20021143F /* ZDLTopic.h */ = {isa = PBXFileReference; fileEncoding = 4; lastKnownFileType = sourcecode.c.h; path = ZDLTopic.h; sourceTree = "<group>"; };
		186FC5F11CF49CB20021143F /* ZDLTopic.m */ = {isa = PBXFileReference; fileEncoding = 4; lastKnownFileType = sourcecode.c.objc; path = ZDLTopic.m; sourceTree = "<group>"; };
		186FC5F31CF4A9620021143F /* ZDLTitleButton.h */ = {isa = PBXFileReference; fileEncoding = 4; lastKnownFileType = sourcecode.c.h; path = ZDLTitleButton.h; sourceTree = "<group>"; };
		186FC5F41CF4A9620021143F /* ZDLTitleButton.m */ = {isa = PBXFileReference; fileEncoding = 4; lastKnownFileType = sourcecode.c.objc; path = ZDLTitleButton.m; sourceTree = "<group>"; };
		18746B861CDC461A00D67FA7 /* ZDLRecommendViewController.h */ = {isa = PBXFileReference; fileEncoding = 4; lastKnownFileType = sourcecode.c.h; path = ZDLRecommendViewController.h; sourceTree = "<group>"; };
		18746B871CDC461A00D67FA7 /* ZDLRecommendViewController.m */ = {isa = PBXFileReference; fileEncoding = 4; lastKnownFileType = sourcecode.c.objc; path = ZDLRecommendViewController.m; sourceTree = "<group>"; };
		18746B881CDC461A00D67FA7 /* ZDLRecommendViewController.xib */ = {isa = PBXFileReference; fileEncoding = 4; lastKnownFileType = file.xib; path = ZDLRecommendViewController.xib; sourceTree = "<group>"; };
		1898086E1CD98387003B2BB8 /* 百思程序.app */ = {isa = PBXFileReference; explicitFileType = wrapper.application; includeInIndex = 0; path = "百思程序.app"; sourceTree = BUILT_PRODUCTS_DIR; };
		189808721CD98387003B2BB8 /* main.m */ = {isa = PBXFileReference; lastKnownFileType = sourcecode.c.objc; path = main.m; sourceTree = "<group>"; };
		189808741CD98387003B2BB8 /* AppDelegate.h */ = {isa = PBXFileReference; lastKnownFileType = sourcecode.c.h; path = AppDelegate.h; sourceTree = "<group>"; };
		189808751CD98387003B2BB8 /* AppDelegate.m */ = {isa = PBXFileReference; lastKnownFileType = sourcecode.c.objc; path = AppDelegate.m; sourceTree = "<group>"; };
		189808821CD98387003B2BB8 /* Info.plist */ = {isa = PBXFileReference; lastKnownFileType = text.plist.xml; path = Info.plist; sourceTree = "<group>"; };
		189808871CD98387003B2BB8 /* 百思程序Tests.xctest */ = {isa = PBXFileReference; explicitFileType = wrapper.cfbundle; includeInIndex = 0; path = "百思程序Tests.xctest"; sourceTree = BUILT_PRODUCTS_DIR; };
		1898088B1CD98387003B2BB8 /* ____Tests.m */ = {isa = PBXFileReference; lastKnownFileType = sourcecode.c.objc; path = "____Tests.m"; sourceTree = "<group>"; };
		1898088D1CD98387003B2BB8 /* Info.plist */ = {isa = PBXFileReference; lastKnownFileType = text.plist.xml; path = Info.plist; sourceTree = "<group>"; };
		189808921CD98387003B2BB8 /* 百思程序UITests.xctest */ = {isa = PBXFileReference; explicitFileType = wrapper.cfbundle; includeInIndex = 0; path = "百思程序UITests.xctest"; sourceTree = BUILT_PRODUCTS_DIR; };
		189808961CD98387003B2BB8 /* ____UITests.m */ = {isa = PBXFileReference; lastKnownFileType = sourcecode.c.objc; path = "____UITests.m"; sourceTree = "<group>"; };
		189808981CD98387003B2BB8 /* Info.plist */ = {isa = PBXFileReference; lastKnownFileType = text.plist.xml; path = Info.plist; sourceTree = "<group>"; };
		189808C01CD9874B003B2BB8 /* PrefixHeader.pch */ = {isa = PBXFileReference; fileEncoding = 4; lastKnownFileType = sourcecode.c.h; name = PrefixHeader.pch; path = "Classes/Other-其他/PrefixHeader.pch"; sourceTree = "<group>"; };
		189808C91CD98C83003B2BB8 /* ZDLTabBarController.h */ = {isa = PBXFileReference; fileEncoding = 4; lastKnownFileType = sourcecode.c.h; name = ZDLTabBarController.h; path = ../Category/ZDLTabBarController.h; sourceTree = "<group>"; };
		189808CA1CD98C83003B2BB8 /* ZDLTabBarController.m */ = {isa = PBXFileReference; fileEncoding = 4; lastKnownFileType = sourcecode.c.objc; name = ZDLTabBarController.m; path = ../Category/ZDLTabBarController.m; sourceTree = "<group>"; };
		189808CC1CD99127003B2BB8 /* ZDLNavigationController.h */ = {isa = PBXFileReference; fileEncoding = 4; lastKnownFileType = sourcecode.c.h; name = ZDLNavigationController.h; path = ../Category/ZDLNavigationController.h; sourceTree = "<group>"; };
		189808CD1CD99127003B2BB8 /* ZDLNavigationController.m */ = {isa = PBXFileReference; fileEncoding = 4; lastKnownFileType = sourcecode.c.objc; name = ZDLNavigationController.m; path = ../Category/ZDLNavigationController.m; sourceTree = "<group>"; };
		189808CF1CD99B92003B2BB8 /* ZDLEssenceViewController.h */ = {isa = PBXFileReference; fileEncoding = 4; lastKnownFileType = sourcecode.c.h; path = ZDLEssenceViewController.h; sourceTree = "<group>"; };
		189808D01CD99B92003B2BB8 /* ZDLEssenceViewController.m */ = {isa = PBXFileReference; fileEncoding = 4; lastKnownFileType = sourcecode.c.objc; path = ZDLEssenceViewController.m; sourceTree = "<group>"; };
		189808D81CD9A2CC003B2BB8 /* Assets.xcassets */ = {isa = PBXFileReference; lastKnownFileType = folder.assetcatalog; path = Assets.xcassets; sourceTree = "<group>"; };
		189808DA1CD9B469003B2BB8 /* ZDLTabBar.h */ = {isa = PBXFileReference; fileEncoding = 4; lastKnownFileType = sourcecode.c.h; path = ZDLTabBar.h; sourceTree = "<group>"; };
		189808DB1CD9B469003B2BB8 /* ZDLTabBar.m */ = {isa = PBXFileReference; fileEncoding = 4; lastKnownFileType = sourcecode.c.objc; path = ZDLTabBar.m; sourceTree = "<group>"; };
		189808DF1CD9CCC5003B2BB8 /* UIView+ZDLExtension.h */ = {isa = PBXFileReference; fileEncoding = 4; lastKnownFileType = sourcecode.c.h; path = "UIView+ZDLExtension.h"; sourceTree = "<group>"; };
		189808E01CD9CCC5003B2BB8 /* UIView+ZDLExtension.m */ = {isa = PBXFileReference; fileEncoding = 4; lastKnownFileType = sourcecode.c.objc; path = "UIView+ZDLExtension.m"; sourceTree = "<group>"; };
		189808E21CD9CD33003B2BB8 /* UIBarButtonItem+ZDLExtension.h */ = {isa = PBXFileReference; fileEncoding = 4; lastKnownFileType = sourcecode.c.h; path = "UIBarButtonItem+ZDLExtension.h"; sourceTree = "<group>"; };
		189808E31CD9CD33003B2BB8 /* UIBarButtonItem+ZDLExtension.m */ = {isa = PBXFileReference; fileEncoding = 4; lastKnownFileType = sourcecode.c.objc; path = "UIBarButtonItem+ZDLExtension.m"; sourceTree = "<group>"; };
		189860441CF83F1D0007ABD9 /* ZDLTopicCell.h */ = {isa = PBXFileReference; fileEncoding = 4; lastKnownFileType = sourcecode.c.h; path = ZDLTopicCell.h; sourceTree = "<group>"; };
		189860451CF83F1D0007ABD9 /* ZDLTopicCell.m */ = {isa = PBXFileReference; fileEncoding = 4; lastKnownFileType = sourcecode.c.objc; path = ZDLTopicCell.m; sourceTree = "<group>"; };
		189860461CF83F1D0007ABD9 /* ZDLTopicCell.xib */ = {isa = PBXFileReference; fileEncoding = 4; lastKnownFileType = file.xib; path = ZDLTopicCell.xib; sourceTree = "<group>"; };
		18AFE86E1CF1A553003D358F /* ZDLTagViewController.h */ = {isa = PBXFileReference; fileEncoding = 4; lastKnownFileType = sourcecode.c.h; path = ZDLTagViewController.h; sourceTree = "<group>"; };
		18AFE86F1CF1A553003D358F /* ZDLTagViewController.m */ = {isa = PBXFileReference; fileEncoding = 4; lastKnownFileType = sourcecode.c.objc; path = ZDLTagViewController.m; sourceTree = "<group>"; };
		18AFE8711CF1A985003D358F /* ZDLTagCellTableViewCell.h */ = {isa = PBXFileReference; fileEncoding = 4; lastKnownFileType = sourcecode.c.h; path = ZDLTagCellTableViewCell.h; sourceTree = "<group>"; };
		18AFE8721CF1A985003D358F /* ZDLTagCellTableViewCell.m */ = {isa = PBXFileReference; fileEncoding = 4; lastKnownFileType = sourcecode.c.objc; path = ZDLTagCellTableViewCell.m; sourceTree = "<group>"; };
		18AFE8731CF1A985003D358F /* ZDLTagCellTableViewCell.xib */ = {isa = PBXFileReference; fileEncoding = 4; lastKnownFileType = file.xib; path = ZDLTagCellTableViewCell.xib; sourceTree = "<group>"; };
		18AFE8791CF1C9D6003D358F /* ZDLTag.h */ = {isa = PBXFileReference; fileEncoding = 4; lastKnownFileType = sourcecode.c.h; path = ZDLTag.h; sourceTree = "<group>"; };
		18AFE87A1CF1C9D6003D358F /* ZDLTag.m */ = {isa = PBXFileReference; fileEncoding = 4; lastKnownFileType = sourcecode.c.objc; path = ZDLTag.m; sourceTree = "<group>"; };
		18AFE87F1CF1D60A003D358F /* ZDLConst.h */ = {isa = PBXFileReference; fileEncoding = 4; lastKnownFileType = sourcecode.c.h; path = ZDLConst.h; sourceTree = "<group>"; };
		18AFE8801CF1D60A003D358F /* ZDLConst.m */ = {isa = PBXFileReference; fileEncoding = 4; lastKnownFileType = sourcecode.c.objc; path = ZDLConst.m; sourceTree = "<group>"; };
		18AFE8821CF1ECD3003D358F /* UIImageView+ZDLExtension.h */ = {isa = PBXFileReference; fileEncoding = 4; lastKnownFileType = sourcecode.c.h; path = "UIImageView+ZDLExtension.h"; sourceTree = "<group>"; };
		18AFE8831CF1ECD3003D358F /* UIImageView+ZDLExtension.m */ = {isa = PBXFileReference; fileEncoding = 4; lastKnownFileType = sourcecode.c.objc; path = "UIImageView+ZDLExtension.m"; sourceTree = "<group>"; };
		18AFE8851CF1F755003D358F /* UIImage+ZDLExtension.h */ = {isa = PBXFileReference; fileEncoding = 4; lastKnownFileType = sourcecode.c.h; path = "UIImage+ZDLExtension.h"; sourceTree = "<group>"; };
		18AFE8861CF1F755003D358F /* UIImage+ZDLExtension.m */ = {isa = PBXFileReference; fileEncoding = 4; lastKnownFileType = sourcecode.c.objc; path = "UIImage+ZDLExtension.m"; sourceTree = "<group>"; };
		18E2ED011CDD9BB500AE097D /* ZDLRecommendCategoryCell.h */ = {isa = PBXFileReference; fileEncoding = 4; lastKnownFileType = sourcecode.c.h; path = ZDLRecommendCategoryCell.h; sourceTree = "<group>"; };
		18E2ED021CDD9BB500AE097D /* ZDLRecommendCategoryCell.m */ = {isa = PBXFileReference; fileEncoding = 4; lastKnownFileType = sourcecode.c.objc; path = ZDLRecommendCategoryCell.m; sourceTree = "<group>"; };
		18E2ED031CDD9BB500AE097D /* ZDLRecommendCategoryCell.xib */ = {isa = PBXFileReference; fileEncoding = 4; lastKnownFileType = file.xib; path = ZDLRecommendCategoryCell.xib; sourceTree = "<group>"; };
		18E2ED061CDD9BE400AE097D /* ZDLRecommendUserCell.h */ = {isa = PBXFileReference; fileEncoding = 4; lastKnownFileType = sourcecode.c.h; path = ZDLRecommendUserCell.h; sourceTree = "<group>"; };
		18E2ED071CDD9BE400AE097D /* ZDLRecommendUserCell.m */ = {isa = PBXFileReference; fileEncoding = 4; lastKnownFileType = sourcecode.c.objc; path = ZDLRecommendUserCell.m; sourceTree = "<group>"; };
		18E2ED081CDD9BE400AE097D /* ZDLRecommendUserCell.xib */ = {isa = PBXFileReference; fileEncoding = 4; lastKnownFileType = file.xib; path = ZDLRecommendUserCell.xib; sourceTree = "<group>"; };
		18E2ED0B1CDD9C6E00AE097D /* ZDLRecommendCategory.h */ = {isa = PBXFileReference; fileEncoding = 4; lastKnownFileType = sourcecode.c.h; path = ZDLRecommendCategory.h; sourceTree = "<group>"; };
		18E2ED0C1CDD9C6E00AE097D /* ZDLRecommendCategory.m */ = {isa = PBXFileReference; fileEncoding = 4; lastKnownFileType = sourcecode.c.objc; path = ZDLRecommendCategory.m; sourceTree = "<group>"; };
		18E2ED0E1CDD9C9100AE097D /* ZDLRecommendUser.h */ = {isa = PBXFileReference; fileEncoding = 4; lastKnownFileType = sourcecode.c.h; path = ZDLRecommendUser.h; sourceTree = "<group>"; };
		18E2ED0F1CDD9C9100AE097D /* ZDLRecommendUser.m */ = {isa = PBXFileReference; fileEncoding = 4; lastKnownFileType = sourcecode.c.objc; path = ZDLRecommendUser.m; sourceTree = "<group>"; };
		1F13079F8DAEDDFC79CAE87F /* Pods_____.framework */ = {isa = PBXFileReference; explicitFileType = wrapper.framework; includeInIndex = 0; path = "Pods_____.framework"; sourceTree = BUILT_PRODUCTS_DIR; };
		6A075D67D315F34BAE522F27 /* Pods-百思程序.release.xcconfig */ = {isa = PBXFileReference; includeInIndex = 1; lastKnownFileType = text.xcconfig; name = "Pods-百思程序.release.xcconfig"; path = "Pods/Target Support Files/Pods-百思程序/Pods-百思程序.release.xcconfig"; sourceTree = "<group>"; };
		F4EE398DA611D0C33B3B7169 /* Pods-百思程序.debug.xcconfig */ = {isa = PBXFileReference; includeInIndex = 1; lastKnownFileType = text.xcconfig; name = "Pods-百思程序.debug.xcconfig"; path = "Pods/Target Support Files/Pods-百思程序/Pods-百思程序.debug.xcconfig"; sourceTree = "<group>"; };
/* End PBXFileReference section */

/* Begin PBXFrameworksBuildPhase section */
		1898086B1CD98387003B2BB8 /* Frameworks */ = {
			isa = PBXFrameworksBuildPhase;
			buildActionMask = 2147483647;
			files = (
				9F923984838B7083686BB58C /* Pods_____.framework in Frameworks */,
			);
			runOnlyForDeploymentPostprocessing = 0;
		};
		189808841CD98387003B2BB8 /* Frameworks */ = {
			isa = PBXFrameworksBuildPhase;
			buildActionMask = 2147483647;
			files = (
			);
			runOnlyForDeploymentPostprocessing = 0;
		};
		1898088F1CD98387003B2BB8 /* Frameworks */ = {
			isa = PBXFrameworksBuildPhase;
			buildActionMask = 2147483647;
			files = (
			);
			runOnlyForDeploymentPostprocessing = 0;
		};
/* End PBXFrameworksBuildPhase section */

/* Begin PBXGroup section */
		184BE0F51CF335600095E3F4 /* topic */ = {
			isa = PBXGroup;
			children = (
				184BE0F21CF335510095E3F4 /* ZDLTopicViewController.h */,
				184BE0F31CF335510095E3F4 /* ZDLTopicViewController.m */,
				184BE0F61CF335B50095E3F4 /* ZDLAllViewController.h */,
				184BE0F71CF335B50095E3F4 /* ZDLAllViewController.m */,
				184BE0F91CF335D20095E3F4 /* ZDLPictureViewController.h */,
				184BE0FA1CF335D20095E3F4 /* ZDLPictureViewController.m */,
				184BE0FC1CF335F30095E3F4 /* ZDLVideoViewController.h */,
				184BE0FD1CF335F30095E3F4 /* ZDLVideoViewController.m */,
				184BE0FF1CF336170095E3F4 /* ZDLVoiceViewController.h */,
				184BE1001CF336170095E3F4 /* ZDLVoiceViewController.m */,
				184BE1021CF33ECC0095E3F4 /* ZDLWordViewController.h */,
				184BE1031CF33ECC0095E3F4 /* ZDLWordViewController.m */,
			);
			name = topic;
			sourceTree = "<group>";
		};
		189808651CD98387003B2BB8 = {
			isa = PBXGroup;
			children = (
				189808701CD98387003B2BB8 /* 百思程序 */,
				1898088A1CD98387003B2BB8 /* 百思程序Tests */,
				189808951CD98387003B2BB8 /* 百思程序UITests */,
				1898086F1CD98387003B2BB8 /* Products */,
				47708A56F5F5BC88F4942824 /* Pods */,
				D45767F21DEEA8A3C78C77A9 /* Frameworks */,
			);
			sourceTree = "<group>";
		};
		1898086F1CD98387003B2BB8 /* Products */ = {
			isa = PBXGroup;
			children = (
				1898086E1CD98387003B2BB8 /* 百思程序.app */,
				189808871CD98387003B2BB8 /* 百思程序Tests.xctest */,
				189808921CD98387003B2BB8 /* 百思程序UITests.xctest */,
			);
			name = Products;
			sourceTree = "<group>";
		};
		189808701CD98387003B2BB8 /* 百思程序 */ = {
			isa = PBXGroup;
			children = (
				189808A41CD9874B003B2BB8 /* Classes */,
				189808741CD98387003B2BB8 /* AppDelegate.h */,
				189808751CD98387003B2BB8 /* AppDelegate.m */,
				189808C01CD9874B003B2BB8 /* PrefixHeader.pch */,
				189808D81CD9A2CC003B2BB8 /* Assets.xcassets */,
				189808821CD98387003B2BB8 /* Info.plist */,
				189808711CD98387003B2BB8 /* Supporting Files */,
			);
			path = "百思程序";
			sourceTree = "<group>";
		};
		189808711CD98387003B2BB8 /* Supporting Files */ = {
			isa = PBXGroup;
			children = (
				189808721CD98387003B2BB8 /* main.m */,
			);
			name = "Supporting Files";
			sourceTree = "<group>";
		};
		1898088A1CD98387003B2BB8 /* 百思程序Tests */ = {
			isa = PBXGroup;
			children = (
				1898088B1CD98387003B2BB8 /* ____Tests.m */,
				1898088D1CD98387003B2BB8 /* Info.plist */,
			);
			path = "百思程序Tests";
			sourceTree = "<group>";
		};
		189808951CD98387003B2BB8 /* 百思程序UITests */ = {
			isa = PBXGroup;
			children = (
				189808961CD98387003B2BB8 /* ____UITests.m */,
				189808981CD98387003B2BB8 /* Info.plist */,
			);
			path = "百思程序UITests";
			sourceTree = "<group>";
		};
		189808A41CD9874B003B2BB8 /* Classes */ = {
			isa = PBXGroup;
			children = (
				189808A51CD9874B003B2BB8 /* Essence-精华 */,
				189808A91CD9874B003B2BB8 /* FriendTrends-关注 */,
				189808AD1CD9874B003B2BB8 /* Me-我 */,
				189808B11CD9874B003B2BB8 /* New-新帖 */,
				189808B51CD9874B003B2BB8 /* Other-其他 */,
			);
			path = Classes;
			sourceTree = "<group>";
		};
		189808A51CD9874B003B2BB8 /* Essence-精华 */ = {
			isa = PBXGroup;
			children = (
				189808A61CD9874B003B2BB8 /* Controller */,
				189808A71CD9874B003B2BB8 /* Model */,
				189808A81CD9874B003B2BB8 /* View */,
			);
			path = "Essence-精华";
			sourceTree = "<group>";
		};
		189808A61CD9874B003B2BB8 /* Controller */ = {
			isa = PBXGroup;
			children = (
				184BE0F51CF335600095E3F4 /* topic */,
				189808CF1CD99B92003B2BB8 /* ZDLEssenceViewController.h */,
				189808D01CD99B92003B2BB8 /* ZDLEssenceViewController.m */,
				18AFE86E1CF1A553003D358F /* ZDLTagViewController.h */,
				18AFE86F1CF1A553003D358F /* ZDLTagViewController.m */,
			);
			path = Controller;
			sourceTree = "<group>";
		};
		189808A71CD9874B003B2BB8 /* Model */ = {
			isa = PBXGroup;
			children = (
				18AFE8791CF1C9D6003D358F /* ZDLTag.h */,
				18AFE87A1CF1C9D6003D358F /* ZDLTag.m */,
				186FC5F01CF49CB20021143F /* ZDLTopic.h */,
				186FC5F11CF49CB20021143F /* ZDLTopic.m */,
			);
			path = Model;
			sourceTree = "<group>";
		};
		189808A81CD9874B003B2BB8 /* View */ = {
			isa = PBXGroup;
			children = (
				18AFE8711CF1A985003D358F /* ZDLTagCellTableViewCell.h */,
				18AFE8721CF1A985003D358F /* ZDLTagCellTableViewCell.m */,
				18AFE8731CF1A985003D358F /* ZDLTagCellTableViewCell.xib */,
				186FC5F31CF4A9620021143F /* ZDLTitleButton.h */,
				186FC5F41CF4A9620021143F /* ZDLTitleButton.m */,
				189860441CF83F1D0007ABD9 /* ZDLTopicCell.h */,
				189860451CF83F1D0007ABD9 /* ZDLTopicCell.m */,
				189860461CF83F1D0007ABD9 /* ZDLTopicCell.xib */,
			);
			path = View;
			sourceTree = "<group>";
		};
		189808A91CD9874B003B2BB8 /* FriendTrends-关注 */ = {
			isa = PBXGroup;
			children = (
				189808AA1CD9874B003B2BB8 /* Controller */,
				189808AB1CD9874B003B2BB8 /* Modedl */,
				189808AC1CD9874B003B2BB8 /* View */,
			);
			path = "FriendTrends-关注";
			sourceTree = "<group>";
		};
		189808AA1CD9874B003B2BB8 /* Controller */ = {
			isa = PBXGroup;
			children = (
				183B64471CD9F45A00469389 /* ZDLFriendTrendsViewController.h */,
				183B64481CD9F45A00469389 /* ZDLFriendTrendsViewController.m */,
				183B644A1CD9F46D00469389 /* ZDLFriendTrendsViewController.xib */,
				18746B861CDC461A00D67FA7 /* ZDLRecommendViewController.h */,
				18746B871CDC461A00D67FA7 /* ZDLRecommendViewController.m */,
				18746B881CDC461A00D67FA7 /* ZDLRecommendViewController.xib */,
			);
			path = Controller;
			sourceTree = "<group>";
		};
		189808AB1CD9874B003B2BB8 /* Modedl */ = {
			isa = PBXGroup;
			children = (
				18E2ED0B1CDD9C6E00AE097D /* ZDLRecommendCategory.h */,
				18E2ED0C1CDD9C6E00AE097D /* ZDLRecommendCategory.m */,
				18E2ED0E1CDD9C9100AE097D /* ZDLRecommendUser.h */,
				18E2ED0F1CDD9C9100AE097D /* ZDLRecommendUser.m */,
			);
			name = Modedl;
			path = Model;
			sourceTree = "<group>";
		};
		189808AC1CD9874B003B2BB8 /* View */ = {
			isa = PBXGroup;
			children = (
				18E2ED011CDD9BB500AE097D /* ZDLRecommendCategoryCell.h */,
				18E2ED021CDD9BB500AE097D /* ZDLRecommendCategoryCell.m */,
				18E2ED031CDD9BB500AE097D /* ZDLRecommendCategoryCell.xib */,
				18E2ED061CDD9BE400AE097D /* ZDLRecommendUserCell.h */,
				18E2ED071CDD9BE400AE097D /* ZDLRecommendUserCell.m */,
				18E2ED081CDD9BE400AE097D /* ZDLRecommendUserCell.xib */,
			);
			path = View;
			sourceTree = "<group>";
		};
		189808AD1CD9874B003B2BB8 /* Me-我 */ = {
			isa = PBXGroup;
			children = (
				189808AE1CD9874B003B2BB8 /* Controller */,
				189808AF1CD9874B003B2BB8 /* Model */,
				189808B01CD9874B003B2BB8 /* View */,
			);
			path = "Me-我";
			sourceTree = "<group>";
		};
		189808AE1CD9874B003B2BB8 /* Controller */ = {
			isa = PBXGroup;
			children = (
				183B64441CD9F3C400469389 /* ZDLMeViewController.h */,
				183B64451CD9F3C400469389 /* ZDLMeViewController.m */,
			);
			path = Controller;
			sourceTree = "<group>";
		};
		189808AF1CD9874B003B2BB8 /* Model */ = {
			isa = PBXGroup;
			children = (
			);
			path = Model;
			sourceTree = "<group>";
		};
		189808B01CD9874B003B2BB8 /* View */ = {
			isa = PBXGroup;
			children = (
			);
			path = View;
			sourceTree = "<group>";
		};
		189808B11CD9874B003B2BB8 /* New-新帖 */ = {
			isa = PBXGroup;
			children = (
				189808B21CD9874B003B2BB8 /* Controller */,
				189808B31CD9874B003B2BB8 /* Model */,
				189808B41CD9874B003B2BB8 /* View */,
			);
			path = "New-新帖";
			sourceTree = "<group>";
		};
		189808B21CD9874B003B2BB8 /* Controller */ = {
			isa = PBXGroup;
			children = (
				183B64411CD9F39500469389 /* ZDLNewViewControllew.h */,
				183B64421CD9F39500469389 /* ZDLNewViewControllew.m */,
			);
			path = Controller;
			sourceTree = "<group>";
		};
		189808B31CD9874B003B2BB8 /* Model */ = {
			isa = PBXGroup;
			children = (
			);
			path = Model;
			sourceTree = "<group>";
		};
		189808B41CD9874B003B2BB8 /* View */ = {
			isa = PBXGroup;
			children = (
			);
			path = View;
			sourceTree = "<group>";
		};
		189808B51CD9874B003B2BB8 /* Other-其他 */ = {
			isa = PBXGroup;
			children = (
				18AFE87C1CF1D471003D358F /* Model */,
				189808B61CD9874B003B2BB8 /* Category */,
				189808BB1CD9874B003B2BB8 /* Controller */,
				189808C11CD9874B003B2BB8 /* View */,
			);
			path = "Other-其他";
			sourceTree = "<group>";
		};
		189808B61CD9874B003B2BB8 /* Category */ = {
			isa = PBXGroup;
			children = (
				189808DF1CD9CCC5003B2BB8 /* UIView+ZDLExtension.h */,
				189808E01CD9CCC5003B2BB8 /* UIView+ZDLExtension.m */,
				189808E21CD9CD33003B2BB8 /* UIBarButtonItem+ZDLExtension.h */,
				189808E31CD9CD33003B2BB8 /* UIBarButtonItem+ZDLExtension.m */,
				18AFE8821CF1ECD3003D358F /* UIImageView+ZDLExtension.h */,
				18AFE8831CF1ECD3003D358F /* UIImageView+ZDLExtension.m */,
				18AFE8851CF1F755003D358F /* UIImage+ZDLExtension.h */,
				18AFE8861CF1F755003D358F /* UIImage+ZDLExtension.m */,
			);
			path = Category;
			sourceTree = "<group>";
		};
		189808BB1CD9874B003B2BB8 /* Controller */ = {
			isa = PBXGroup;
			children = (
				189808C91CD98C83003B2BB8 /* ZDLTabBarController.h */,
				189808CA1CD98C83003B2BB8 /* ZDLTabBarController.m */,
				189808CC1CD99127003B2BB8 /* ZDLNavigationController.h */,
				189808CD1CD99127003B2BB8 /* ZDLNavigationController.m */,
			);
			path = Controller;
			sourceTree = "<group>";
		};
		189808C11CD9874B003B2BB8 /* View */ = {
			isa = PBXGroup;
			children = (
				189808DA1CD9B469003B2BB8 /* ZDLTabBar.h */,
				189808DB1CD9B469003B2BB8 /* ZDLTabBar.m */,
				18AFE87F1CF1D60A003D358F /* ZDLConst.h */,
				18AFE8801CF1D60A003D358F /* ZDLConst.m */,
			);
			path = View;
			sourceTree = "<group>";
		};
		18AFE87C1CF1D471003D358F /* Model */ = {
			isa = PBXGroup;
			children = (
			);
			name = Model;
			sourceTree = "<group>";
		};
		47708A56F5F5BC88F4942824 /* Pods */ = {
			isa = PBXGroup;
			children = (
				F4EE398DA611D0C33B3B7169 /* Pods-百思程序.debug.xcconfig */,
				6A075D67D315F34BAE522F27 /* Pods-百思程序.release.xcconfig */,
			);
			name = Pods;
			sourceTree = "<group>";
		};
		D45767F21DEEA8A3C78C77A9 /* Frameworks */ = {
			isa = PBXGroup;
			children = (
				1F13079F8DAEDDFC79CAE87F /* Pods_____.framework */,
			);
			name = Frameworks;
			sourceTree = "<group>";
		};
/* End PBXGroup section */

/* Begin PBXNativeTarget section */
		1898086D1CD98387003B2BB8 /* 百思程序 */ = {
			isa = PBXNativeTarget;
			buildConfigurationList = 1898089B1CD98387003B2BB8 /* Build configuration list for PBXNativeTarget "百思程序" */;
			buildPhases = (
				5645F9C1E0462D188E18C131 /* 📦 Check Pods Manifest.lock */,
				1898086A1CD98387003B2BB8 /* Sources */,
				1898086B1CD98387003B2BB8 /* Frameworks */,
				1898086C1CD98387003B2BB8 /* Resources */,
				00BD2E6B656040162FFE630F /* 📦 Embed Pods Frameworks */,
				C6AA46D7ED5A981A332ED5F6 /* 📦 Copy Pods Resources */,
			);
			buildRules = (
			);
			dependencies = (
			);
			name = "百思程序";
			productName = "百思程序";
			productReference = 1898086E1CD98387003B2BB8 /* 百思程序.app */;
			productType = "com.apple.product-type.application";
		};
		189808861CD98387003B2BB8 /* 百思程序Tests */ = {
			isa = PBXNativeTarget;
			buildConfigurationList = 1898089E1CD98387003B2BB8 /* Build configuration list for PBXNativeTarget "百思程序Tests" */;
			buildPhases = (
				189808831CD98387003B2BB8 /* Sources */,
				189808841CD98387003B2BB8 /* Frameworks */,
				189808851CD98387003B2BB8 /* Resources */,
			);
			buildRules = (
			);
			dependencies = (
				189808891CD98387003B2BB8 /* PBXTargetDependency */,
			);
			name = "百思程序Tests";
			productName = "百思程序Tests";
			productReference = 189808871CD98387003B2BB8 /* 百思程序Tests.xctest */;
			productType = "com.apple.product-type.bundle.unit-test";
		};
		189808911CD98387003B2BB8 /* 百思程序UITests */ = {
			isa = PBXNativeTarget;
			buildConfigurationList = 189808A11CD98387003B2BB8 /* Build configuration list for PBXNativeTarget "百思程序UITests" */;
			buildPhases = (
				1898088E1CD98387003B2BB8 /* Sources */,
				1898088F1CD98387003B2BB8 /* Frameworks */,
				189808901CD98387003B2BB8 /* Resources */,
			);
			buildRules = (
			);
			dependencies = (
				189808941CD98387003B2BB8 /* PBXTargetDependency */,
			);
			name = "百思程序UITests";
			productName = "百思程序UITests";
			productReference = 189808921CD98387003B2BB8 /* 百思程序UITests.xctest */;
			productType = "com.apple.product-type.bundle.ui-testing";
		};
/* End PBXNativeTarget section */

/* Begin PBXProject section */
		189808661CD98387003B2BB8 /* Project object */ = {
			isa = PBXProject;
			attributes = {
				CLASSPREFIX = ZDL;
				LastUpgradeCheck = 0720;
				ORGANIZATIONNAME = MLM;
				TargetAttributes = {
					1898086D1CD98387003B2BB8 = {
						CreatedOnToolsVersion = 7.2;
						DevelopmentTeam = J8TWTWLPSU;
					};
					189808861CD98387003B2BB8 = {
						CreatedOnToolsVersion = 7.2;
						DevelopmentTeam = J8TWTWLPSU;
						TestTargetID = 1898086D1CD98387003B2BB8;
					};
					189808911CD98387003B2BB8 = {
						CreatedOnToolsVersion = 7.2;
						DevelopmentTeam = J8TWTWLPSU;
						TestTargetID = 1898086D1CD98387003B2BB8;
					};
				};
			};
			buildConfigurationList = 189808691CD98387003B2BB8 /* Build configuration list for PBXProject "百思程序" */;
			compatibilityVersion = "Xcode 3.2";
			developmentRegion = English;
			hasScannedForEncodings = 0;
			knownRegions = (
				en,
				Base,
			);
			mainGroup = 189808651CD98387003B2BB8;
			productRefGroup = 1898086F1CD98387003B2BB8 /* Products */;
			projectDirPath = "";
			projectRoot = "";
			targets = (
				1898086D1CD98387003B2BB8 /* 百思程序 */,
				189808861CD98387003B2BB8 /* 百思程序Tests */,
				189808911CD98387003B2BB8 /* 百思程序UITests */,
			);
		};
/* End PBXProject section */

/* Begin PBXResourcesBuildPhase section */
		1898086C1CD98387003B2BB8 /* Resources */ = {
			isa = PBXResourcesBuildPhase;
			buildActionMask = 2147483647;
			files = (
				183B644B1CD9F46D00469389 /* ZDLFriendTrendsViewController.xib in Resources */,
				18AFE8751CF1A985003D358F /* ZDLTagCellTableViewCell.xib in Resources */,
				18E2ED051CDD9BB500AE097D /* ZDLRecommendCategoryCell.xib in Resources */,
				189808D91CD9A2CC003B2BB8 /* Assets.xcassets in Resources */,
				189860481CF83F1D0007ABD9 /* ZDLTopicCell.xib in Resources */,
				18E2ED0A1CDD9BE400AE097D /* ZDLRecommendUserCell.xib in Resources */,
				18746B8A1CDC461A00D67FA7 /* ZDLRecommendViewController.xib in Resources */,
			);
			runOnlyForDeploymentPostprocessing = 0;
		};
		189808851CD98387003B2BB8 /* Resources */ = {
			isa = PBXResourcesBuildPhase;
			buildActionMask = 2147483647;
			files = (
			);
			runOnlyForDeploymentPostprocessing = 0;
		};
		189808901CD98387003B2BB8 /* Resources */ = {
			isa = PBXResourcesBuildPhase;
			buildActionMask = 2147483647;
			files = (
			);
			runOnlyForDeploymentPostprocessing = 0;
		};
/* End PBXResourcesBuildPhase section */

/* Begin PBXShellScriptBuildPhase section */
		00BD2E6B656040162FFE630F /* 📦 Embed Pods Frameworks */ = {
			isa = PBXShellScriptBuildPhase;
			buildActionMask = 2147483647;
			files = (
			);
			inputPaths = (
			);
			name = "📦 Embed Pods Frameworks";
			outputPaths = (
			);
			runOnlyForDeploymentPostprocessing = 0;
			shellPath = /bin/sh;
			shellScript = "\"${SRCROOT}/Pods/Target Support Files/Pods-百思程序/Pods-百思程序-frameworks.sh\"\n";
			showEnvVarsInLog = 0;
		};
		5645F9C1E0462D188E18C131 /* 📦 Check Pods Manifest.lock */ = {
			isa = PBXShellScriptBuildPhase;
			buildActionMask = 2147483647;
			files = (
			);
			inputPaths = (
			);
			name = "📦 Check Pods Manifest.lock";
			outputPaths = (
			);
			runOnlyForDeploymentPostprocessing = 0;
			shellPath = /bin/sh;
			shellScript = "diff \"${PODS_ROOT}/../Podfile.lock\" \"${PODS_ROOT}/Manifest.lock\" > /dev/null\nif [[ $? != 0 ]] ; then\n    cat << EOM\nerror: The sandbox is not in sync with the Podfile.lock. Run 'pod install' or update your CocoaPods installation.\nEOM\n    exit 1\nfi\n";
			showEnvVarsInLog = 0;
		};
		C6AA46D7ED5A981A332ED5F6 /* 📦 Copy Pods Resources */ = {
			isa = PBXShellScriptBuildPhase;
			buildActionMask = 2147483647;
			files = (
			);
			inputPaths = (
			);
			name = "📦 Copy Pods Resources";
			outputPaths = (
			);
			runOnlyForDeploymentPostprocessing = 0;
			shellPath = /bin/sh;
			shellScript = "\"${SRCROOT}/Pods/Target Support Files/Pods-百思程序/Pods-百思程序-resources.sh\"\n";
			showEnvVarsInLog = 0;
		};
/* End PBXShellScriptBuildPhase section */

/* Begin PBXSourcesBuildPhase section */
		1898086A1CD98387003B2BB8 /* Sources */ = {
			isa = PBXSourcesBuildPhase;
			buildActionMask = 2147483647;
			files = (
				18E2ED101CDD9C9100AE097D /* ZDLRecommendUser.m in Sources */,
				186FC5F51CF4A9620021143F /* ZDLTitleButton.m in Sources */,
				189860471CF83F1D0007ABD9 /* ZDLTopicCell.m in Sources */,
				18AFE8741CF1A985003D358F /* ZDLTagCellTableViewCell.m in Sources */,
				189808DC1CD9B469003B2BB8 /* ZDLTabBar.m in Sources */,
				189808E41CD9CD33003B2BB8 /* UIBarButtonItem+ZDLExtension.m in Sources */,
				18E2ED0D1CDD9C6E00AE097D /* ZDLRecommendCategory.m in Sources */,
				18AFE87B1CF1C9D6003D358F /* ZDLTag.m in Sources */,
				189808D11CD99B92003B2BB8 /* ZDLEssenceViewController.m in Sources */,
				18AFE8841CF1ECD3003D358F /* UIImageView+ZDLExtension.m in Sources */,
				183B64461CD9F3C400469389 /* ZDLMeViewController.m in Sources */,
				184BE0FE1CF335F30095E3F4 /* ZDLVideoViewController.m in Sources */,
				189808761CD98387003B2BB8 /* AppDelegate.m in Sources */,
				184BE1041CF33ECC0095E3F4 /* ZDLWordViewController.m in Sources */,
				18AFE8701CF1A553003D358F /* ZDLTagViewController.m in Sources */,
				186FC5F21CF49CB20021143F /* ZDLTopic.m in Sources */,
				183B64431CD9F39500469389 /* ZDLNewViewControllew.m in Sources */,
				18AFE8871CF1F755003D358F /* UIImage+ZDLExtension.m in Sources */,
				183B64491CD9F45A00469389 /* ZDLFriendTrendsViewController.m in Sources */,
				189808CE1CD99127003B2BB8 /* ZDLNavigationController.m in Sources */,
				189808E11CD9CCC5003B2BB8 /* UIView+ZDLExtension.m in Sources */,
				189808CB1CD98C83003B2BB8 /* ZDLTabBarController.m in Sources */,
				184BE0FB1CF335D20095E3F4 /* ZDLPictureViewController.m in Sources */,
				18E2ED041CDD9BB500AE097D /* ZDLRecommendCategoryCell.m in Sources */,
				18746B891CDC461A00D67FA7 /* ZDLRecommendViewController.m in Sources */,
				184BE0F81CF335B50095E3F4 /* ZDLAllViewController.m in Sources */,
				189808731CD98387003B2BB8 /* main.m in Sources */,
				18AFE8811CF1D60A003D358F /* ZDLConst.m in Sources */,
				184BE1011CF336170095E3F4 /* ZDLVoiceViewController.m in Sources */,
				184BE0F41CF335510095E3F4 /* ZDLTopicViewController.m in Sources */,
				18E2ED091CDD9BE400AE097D /* ZDLRecommendUserCell.m in Sources */,
			);
			runOnlyForDeploymentPostprocessing = 0;
		};
		189808831CD98387003B2BB8 /* Sources */ = {
			isa = PBXSourcesBuildPhase;
			buildActionMask = 2147483647;
			files = (
				1898088C1CD98387003B2BB8 /* ____Tests.m in Sources */,
			);
			runOnlyForDeploymentPostprocessing = 0;
		};
		1898088E1CD98387003B2BB8 /* Sources */ = {
			isa = PBXSourcesBuildPhase;
			buildActionMask = 2147483647;
			files = (
				189808971CD98387003B2BB8 /* ____UITests.m in Sources */,
			);
			runOnlyForDeploymentPostprocessing = 0;
		};
/* End PBXSourcesBuildPhase section */

/* Begin PBXTargetDependency section */
		189808891CD98387003B2BB8 /* PBXTargetDependency */ = {
			isa = PBXTargetDependency;
			target = 1898086D1CD98387003B2BB8 /* 百思程序 */;
			targetProxy = 189808881CD98387003B2BB8 /* PBXContainerItemProxy */;
		};
		189808941CD98387003B2BB8 /* PBXTargetDependency */ = {
			isa = PBXTargetDependency;
			target = 1898086D1CD98387003B2BB8 /* 百思程序 */;
			targetProxy = 189808931CD98387003B2BB8 /* PBXContainerItemProxy */;
		};
/* End PBXTargetDependency section */

/* Begin XCBuildConfiguration section */
		189808991CD98387003B2BB8 /* Debug */ = {
			isa = XCBuildConfiguration;
			buildSettings = {
				ALWAYS_SEARCH_USER_PATHS = NO;
				CLANG_CXX_LANGUAGE_STANDARD = "gnu++0x";
				CLANG_CXX_LIBRARY = "libc++";
				CLANG_ENABLE_MODULES = YES;
				CLANG_ENABLE_OBJC_ARC = YES;
				CLANG_WARN_BOOL_CONVERSION = YES;
				CLANG_WARN_CONSTANT_CONVERSION = YES;
				CLANG_WARN_DIRECT_OBJC_ISA_USAGE = YES_ERROR;
				CLANG_WARN_EMPTY_BODY = YES;
				CLANG_WARN_ENUM_CONVERSION = YES;
				CLANG_WARN_INT_CONVERSION = YES;
				CLANG_WARN_OBJC_ROOT_CLASS = YES_ERROR;
				CLANG_WARN_UNREACHABLE_CODE = YES;
				CLANG_WARN__DUPLICATE_METHOD_MATCH = YES;
				"CODE_SIGN_IDENTITY[sdk=iphoneos*]" = "iPhone Developer";
				COPY_PHASE_STRIP = NO;
				DEBUG_INFORMATION_FORMAT = dwarf;
				ENABLE_STRICT_OBJC_MSGSEND = YES;
				ENABLE_TESTABILITY = YES;
				GCC_C_LANGUAGE_STANDARD = gnu99;
				GCC_DYNAMIC_NO_PIC = NO;
				GCC_NO_COMMON_BLOCKS = YES;
				GCC_OPTIMIZATION_LEVEL = 0;
				GCC_PREPROCESSOR_DEFINITIONS = (
					"DEBUG=1",
					"$(inherited)",
				);
				GCC_WARN_64_TO_32_BIT_CONVERSION = YES;
				GCC_WARN_ABOUT_RETURN_TYPE = YES_ERROR;
				GCC_WARN_UNDECLARED_SELECTOR = YES;
				GCC_WARN_UNINITIALIZED_AUTOS = YES_AGGRESSIVE;
				GCC_WARN_UNUSED_FUNCTION = YES;
				GCC_WARN_UNUSED_VARIABLE = YES;
				IPHONEOS_DEPLOYMENT_TARGET = 9.2;
				MTL_ENABLE_DEBUG_INFO = YES;
				ONLY_ACTIVE_ARCH = YES;
				SDKROOT = iphoneos;
			};
			name = Debug;
		};
		1898089A1CD98387003B2BB8 /* Release */ = {
			isa = XCBuildConfiguration;
			buildSettings = {
				ALWAYS_SEARCH_USER_PATHS = NO;
				CLANG_CXX_LANGUAGE_STANDARD = "gnu++0x";
				CLANG_CXX_LIBRARY = "libc++";
				CLANG_ENABLE_MODULES = YES;
				CLANG_ENABLE_OBJC_ARC = YES;
				CLANG_WARN_BOOL_CONVERSION = YES;
				CLANG_WARN_CONSTANT_CONVERSION = YES;
				CLANG_WARN_DIRECT_OBJC_ISA_USAGE = YES_ERROR;
				CLANG_WARN_EMPTY_BODY = YES;
				CLANG_WARN_ENUM_CONVERSION = YES;
				CLANG_WARN_INT_CONVERSION = YES;
				CLANG_WARN_OBJC_ROOT_CLASS = YES_ERROR;
				CLANG_WARN_UNREACHABLE_CODE = YES;
				CLANG_WARN__DUPLICATE_METHOD_MATCH = YES;
				"CODE_SIGN_IDENTITY[sdk=iphoneos*]" = "iPhone Developer";
				COPY_PHASE_STRIP = NO;
				DEBUG_INFORMATION_FORMAT = "dwarf-with-dsym";
				ENABLE_NS_ASSERTIONS = NO;
				ENABLE_STRICT_OBJC_MSGSEND = YES;
				GCC_C_LANGUAGE_STANDARD = gnu99;
				GCC_NO_COMMON_BLOCKS = YES;
				GCC_WARN_64_TO_32_BIT_CONVERSION = YES;
				GCC_WARN_ABOUT_RETURN_TYPE = YES_ERROR;
				GCC_WARN_UNDECLARED_SELECTOR = YES;
				GCC_WARN_UNINITIALIZED_AUTOS = YES_AGGRESSIVE;
				GCC_WARN_UNUSED_FUNCTION = YES;
				GCC_WARN_UNUSED_VARIABLE = YES;
				IPHONEOS_DEPLOYMENT_TARGET = 9.2;
				MTL_ENABLE_DEBUG_INFO = NO;
				SDKROOT = iphoneos;
				VALIDATE_PRODUCT = YES;
			};
			name = Release;
		};
		1898089C1CD98387003B2BB8 /* Debug */ = {
			isa = XCBuildConfiguration;
			baseConfigurationReference = F4EE398DA611D0C33B3B7169 /* Pods-百思程序.debug.xcconfig */;
			buildSettings = {
				ASSETCATALOG_COMPILER_APPICON_NAME = AppIcon;
				CODE_SIGN_IDENTITY = "iPhone Developer";
				GCC_INCREASE_PRECOMPILED_HEADER_SHARING = NO;
				GCC_PREFIX_HEADER = "/Users/apple/Desktop/未命名文件夹/百思程序/百思程序/Classes/Other-其他/PrefixHeader.pch";
				INFOPLIST_FILE = "百思程序/Info.plist";
				IPHONEOS_DEPLOYMENT_TARGET = 9.3;
				LD_RUNPATH_SEARCH_PATHS = "$(inherited) @executable_path/Frameworks";
				PRODUCT_BUNDLE_IDENTIFIER = myth.com.demo;
				PRODUCT_NAME = "$(TARGET_NAME)";
				TARGETED_DEVICE_FAMILY = 1;
			};
			name = Debug;
		};
		1898089D1CD98387003B2BB8 /* Release */ = {
			isa = XCBuildConfiguration;
			baseConfigurationReference = 6A075D67D315F34BAE522F27 /* Pods-百思程序.release.xcconfig */;
			buildSettings = {
				ASSETCATALOG_COMPILER_APPICON_NAME = AppIcon;
				CODE_SIGN_IDENTITY = "iPhone Developer";
				GCC_INCREASE_PRECOMPILED_HEADER_SHARING = NO;
				GCC_PREFIX_HEADER = "/Users/apple/Desktop/未命名文件夹/百思程序/百思程序/Classes/Other-其他/PrefixHeader.pch";
				INFOPLIST_FILE = "百思程序/Info.plist";
				IPHONEOS_DEPLOYMENT_TARGET = 9.3;
				LD_RUNPATH_SEARCH_PATHS = "$(inherited) @executable_path/Frameworks";
				PRODUCT_BUNDLE_IDENTIFIER = myth.com.demo;
				PRODUCT_NAME = "$(TARGET_NAME)";
				TARGETED_DEVICE_FAMILY = 1;
			};
			name = Release;
		};
		1898089F1CD98387003B2BB8 /* Debug */ = {
			isa = XCBuildConfiguration;
			buildSettings = {
				BUNDLE_LOADER = "$(TEST_HOST)";
				INFOPLIST_FILE = "百思程序Tests/Info.plist";
				LD_RUNPATH_SEARCH_PATHS = "$(inherited) @executable_path/Frameworks @loader_path/Frameworks";
				PRODUCT_BUNDLE_IDENTIFIER = "EC.----Tests";
				PRODUCT_NAME = "$(TARGET_NAME)";
				TEST_HOST = "$(BUILT_PRODUCTS_DIR)/百思程序.app/百思程序";
			};
			name = Debug;
		};
		189808A01CD98387003B2BB8 /* Release */ = {
			isa = XCBuildConfiguration;
			buildSettings = {
				BUNDLE_LOADER = "$(TEST_HOST)";
				INFOPLIST_FILE = "百思程序Tests/Info.plist";
				LD_RUNPATH_SEARCH_PATHS = "$(inherited) @executable_path/Frameworks @loader_path/Frameworks";
				PRODUCT_BUNDLE_IDENTIFIER = "EC.----Tests";
				PRODUCT_NAME = "$(TARGET_NAME)";
				TEST_HOST = "$(BUILT_PRODUCTS_DIR)/百思程序.app/百思程序";
			};
			name = Release;
		};
		189808A21CD98387003B2BB8 /* Debug */ = {
			isa = XCBuildConfiguration;
			buildSettings = {
				INFOPLIST_FILE = "百思程序UITests/Info.plist";
				LD_RUNPATH_SEARCH_PATHS = "$(inherited) @executable_path/Frameworks @loader_path/Frameworks";
				PRODUCT_BUNDLE_IDENTIFIER = "EC.----UITests";
				PRODUCT_NAME = "$(TARGET_NAME)";
				TEST_TARGET_NAME = "百思程序";
				USES_XCTRUNNER = YES;
			};
			name = Debug;
		};
		189808A31CD98387003B2BB8 /* Release */ = {
			isa = XCBuildConfiguration;
			buildSettings = {
				INFOPLIST_FILE = "百思程序UITests/Info.plist";
				LD_RUNPATH_SEARCH_PATHS = "$(inherited) @executable_path/Frameworks @loader_path/Frameworks";
				PRODUCT_BUNDLE_IDENTIFIER = "EC.----UITests";
				PRODUCT_NAME = "$(TARGET_NAME)";
				TEST_TARGET_NAME = "百思程序";
				USES_XCTRUNNER = YES;
			};
			name = Release;
		};
/* End XCBuildConfiguration section */

/* Begin XCConfigurationList section */
		189808691CD98387003B2BB8 /* Build configuration list for PBXProject "百思程序" */ = {
			isa = XCConfigurationList;
			buildConfigurations = (
				189808991CD98387003B2BB8 /* Debug */,
				1898089A1CD98387003B2BB8 /* Release */,
			);
			defaultConfigurationIsVisible = 0;
			defaultConfigurationName = Release;
		};
		1898089B1CD98387003B2BB8 /* Build configuration list for PBXNativeTarget "百思程序" */ = {
			isa = XCConfigurationList;
			buildConfigurations = (
				1898089C1CD98387003B2BB8 /* Debug */,
				1898089D1CD98387003B2BB8 /* Release */,
			);
			defaultConfigurationIsVisible = 0;
			defaultConfigurationName = Release;
		};
		1898089E1CD98387003B2BB8 /* Build configuration list for PBXNativeTarget "百思程序Tests" */ = {
			isa = XCConfigurationList;
			buildConfigurations = (
				1898089F1CD98387003B2BB8 /* Debug */,
				189808A01CD98387003B2BB8 /* Release */,
			);
			defaultConfigurationIsVisible = 0;
			defaultConfigurationName = Release;
		};
		189808A11CD98387003B2BB8 /* Build configuration list for PBXNativeTarget "百思程序UITests" */ = {
			isa = XCConfigurationList;
			buildConfigurations = (
				189808A21CD98387003B2BB8 /* Debug */,
				189808A31CD98387003B2BB8 /* Release */,
			);
			defaultConfigurationIsVisible = 0;
			defaultConfigurationName = Release;
		};
/* End XCConfigurationList section */
	};
	rootObject = 189808661CD98387003B2BB8 /* Project object */;
}
